github.com/go-logr/glogr v0.2.0 h1:/ZM6L79do5HYpTyBEtvjDcjlROWbATWEsoZXX3aJOFk=
github.com/go-logr/glogr v0.2.0/go.mod h1:GDQ2+z9PAAX7+qBhL3FzAL2Nf8dxyliu0ppgJIX7YhU=
github.com/go-logr/logr v0.2.1 h1:fV3MLmabKIZ383XifUjFSwcoGee0v9qgPp8wy5svibE=
github.com/go-logr/logr v0.2.1/go.mod h1:z6/tIYblkpsD+a4lm/fGIIU9mZ+XfAiaFtq7xTgseGU=
github.com/golang/glog v0.0.0-20160126235308-23def4e6c14b h1:VKtxabqXZkF25pY9ekfRL6a582T4P37/31XEstQ5p58=
github.com/golang/glog v0.0.0-20160126235308-23def4e6c14b/go.mod h1:SBH7ygxi8pfUlaOkMMuAQtPIUF8ecWP5IEl/CR7VP2Q=
